
Microsoft Visual Studio Solution File, Format Version 12.00
# Visual Studio Version 16
VisualStudioVersion = 16.0.30320.27
MinimumVisualStudioVersion = 10.0.40219.1
Project("{FAE04EC0-301F-11D3-BF4B-00C04F79EFBC}") = "SurveyProject", "SurveyProject\SurveyProject.csproj", "{0C110525-732A-4FFC-8571-CA95FE8DF915}"
EndProject
Global
	GlobalSection(SolutionConfigurationPlatforms) = preSolution
		Debug|Any CPU = Debug|Any CPU
		Release|Any CPU = Release|Any CPU
	EndGlobalSection
	GlobalSection(ProjectConfigurationPlatforms) = postSolution
		{0C110525-732A-4FFC-8571-CA95FE8DF915}.Debug|Any CPU.ActiveCfg = Debug|Any CPU
		{0C110525-732A-4FFC-8571-CA95FE8DF915}.Debug|Any CPU.Build.0 = Debug|Any CPU
		{0C110525-732A-4FFC-8571-CA95FE8DF915}.Release|Any CPU.ActiveCfg = Release|Any CPU
		{0C110525-732A-4FFC-8571-CA95FE8DF915}.Release|Any CPU.Build.0 = Release|Any CPU
	EndGlobalSection
	GlobalSection(SolutionProperties) = preSolution
		HideSolutionNode = FALSE
	EndGlobalSection
	GlobalSection(ExtensibilityGlobals) = postSolution
		SolutionGuid = {8E66A945-8CC0-4B34-BF6D-431D99F4A29E}
	EndGlobalSection
EndGlobal
